github.com/avanha/pmaas-common v0.0.0 h1:k/Lk2NSM3hWcXSzIQmfmHWK4l8xjzfLfWvzvo1VOvy0=
github.com/avanha/pmaas-core v0.0.1 h1:XGqeuJFrUIZvvO/Vv7+4ZwV+a9Qq1ezsOqgrfkuURdc=
github.com/avanha/pmaas-core v0.0.1/go.mod h1:mM/uNEeMJkJLADQKoTBfLAJMlfnT/LrBHtgJEKAeXMo=
github.com/avanha/pmaas-plugin-basicwebui v0.0.1 h1:rU8HPdoRsLHY/QYOVInThAb5Yjz+PylrEvv6KKHrvNo=
github.com/avanha/pmaas-plugin-basicwebui v0.0.1/go.mod h1:o1xX035K+oSXwnceFKxIuniLBsJ+bUzCSReOd+vh2no=
github.com/avanha/pmaas-plugin-gotexttemplate v0.0.1 h1:LbEF1wzf4KkbTSQ1dI03kzv6SQRFJdPUJABphErM0vo=
github.com/avanha/pmaas-plugin-gotexttemplate v0.0.1/go.mod h1:Fys7EsEXF2owLZwg8VhIo3aKEt6/z0Bqu+G+4F8Qcw0=
github.com/avanha/pmaas-plugin-gotexttemplate v0.0.2 h1:Y0CtVt9u869gbzbb/UCXDN6uD3Nfg/yIeSY1JTcaV38=
github.com/avanha/pmaas-plugin-gotexttemplate v0.0.2/go.mod h1:BAoB0T7QSFedruZrAW5OB4URvos0jN6ZAOnMq5nYlo4=
github.com/avanha/pmaas-plugin-netmon v0.0.0 h1:gqmQzlmYlSc9besp2RnJqWPTGe2DPlDYQddyK4CTIaw=
github.com/avanha/pmaas-plugin-netmon v0.0.0/go.mod h1:2SxK6KlNvFYoYGhyK7VSySkzlkAV9HJxeRNttnII4sY=
github.com/avanha/pmaas-spi v0.0.0 h1:rSvj+oNKFkKpqpaaQr7OXVuzbiPHaxmOSAsR4/tW7fo=
github.com/avanha/pmaas-spi v0.0.0/go.mod h1:yLmfdhQnWynq0LaVK1ehDVGAzFZQZukdDbsig3kx+mI=
github.com/gosnmp/gosnmp v1.42.1 h1:MEJxhpC5v1coL3tFRix08PYmky9nyb1TLRRgJAmXm8A=
github.com/gosnmp/gosnmp v1.42.1/go.mod h1:CxVS6bXqmWZlafUj9pZUnQX5e4fAltqPcijxWpCitDo=
